# This file is automatically @generated by Poetry and should not be changed by hand.

[[package]]
name = "colorama"
version = "0.4.6"
description = "Cross-platform colored terminal text."
category = "main"
optional = false
python-versions = "!=3.0.*,!=3.1.*,!=3.2.*,!=3.3.*,!=3.4.*,!=3.5.*,!=3.6.*,>=2.7"
files = [
    {file = "colorama-0.4.6-py2.py3-none-any.whl", hash = "sha256:4f1d9991f5acc0ca119f9d443620b77f9d6b33703e51011c16baf57afb285fc6"},
    {file = "colorama-0.4.6.tar.gz", hash = "sha256:08695f5cb7ed6e0531a20572697297273c47b8cae5a63ffc6d6ed5c201be6e44"},
]

[[package]]
name = "frida"
version = "16.1.5"
description = "Dynamic instrumentation toolkit for developers, reverse-engineers, and security researchers"
category = "main"
optional = false
python-versions = ">=3.7"
files = [
    {file = "frida-16.1.5-cp37-abi3-macosx_10_9_x86_64.whl", hash = "sha256:f987d82e9d2828d694f67619a12fb481fdfa228d6fea201db3ac79cee10d2b59"},
    {file = "frida-16.1.5-cp37-abi3-macosx_11_0_arm64.whl", hash = "sha256:8def54369e91b40ba1bb4853d3c1ee286f7f6bd33636d27f304438540de2aa1c"},
    {file = "frida-16.1.5-cp37-abi3-manylinux_2_17_aarch64.manylinux2014_aarch64.whl", hash = "sha256:c65171543e48f1cb839cdb4bc6274ff8b9d8e280f0263b38945277a844b7b365"},
    {file = "frida-16.1.5-cp37-abi3-manylinux_2_17_armv7l.manylinux2014_armv7l.whl", hash = "sha256:eba6315b49e7a5962cb7b88332348b58664f62963c67dbb051d159dfa81ef7ea"},
    {file = "frida-16.1.5-cp37-abi3-manylinux_2_5_i686.manylinux1_i686.whl", hash = "sha256:eb3ca7523bdeb58cfe03b326408272165767f75c6d7ba678ffed716963f386cb"},
    {file = "frida-16.1.5-cp37-abi3-manylinux_2_5_x86_64.manylinux1_x86_64.whl", hash = "sha256:4a3aeb75eb1a5cf48fae78d5b614426c01d998f924ca83178ccdcd06756929bf"},
    {file = "frida-16.1.5-cp37-abi3-win32.whl", hash = "sha256:4835fc5306cdfddfd41fe549f9451d272b4e20608e713d2f86d98dc1acd21424"},
    {file = "frida-16.1.5-cp37-abi3-win_amd64.whl", hash = "sha256:dde33c163363165fa2cf508a437cad39937a1d7440ef310f9ca2040012e28ec6"},
    {file = "frida-16.1.5.tar.gz", hash = "sha256:97d5c3cd0db16a144a769e6f6129671b12dc72e31b6017bc56fc3c9137c2d511"},
]

[package.dependencies]
typing-extensions = {version = "*", markers = "python_version < \"3.11\""}

[[package]]
name = "frida-tools"
version = "12.3.0"
description = "Frida CLI tools"
category = "main"
optional = false
python-versions = "*"
files = [
    {file = "frida-tools-12.3.0.tar.gz", hash = "sha256:8edc67d1ae3792ff5b2dc63508cde4d247f92b7d0d7bf153d74a21a6d58dc045"},
]

[package.dependencies]
colorama = ">=0.2.7,<1.0.0"
frida = ">=16.0.9,<17.0.0"
prompt-toolkit = ">=2.0.0,<4.0.0"
pygments = ">=2.0.2,<3.0.0"

[[package]]
name = "importlib-metadata"
version = "6.8.0"
description = "Read metadata from Python packages"
category = "main"
optional = false
python-versions = ">=3.8"
files = [
    {file = "importlib_metadata-6.8.0-py3-none-any.whl", hash = "sha256:3ebb78df84a805d7698245025b975d9d67053cd94c79245ba4b3eb694abe68bb"},
    {file = "importlib_metadata-6.8.0.tar.gz", hash = "sha256:dbace7892d8c0c4ac1ad096662232f831d4e64f4c4545bd53016a3e9d4654743"},
]

[package.dependencies]
zipp = ">=0.5"

[package.extras]
docs = ["furo", "jaraco.packaging (>=9)", "jaraco.tidelift (>=1.4)", "rst.linker (>=1.9)", "sphinx (>=3.5)", "sphinx-lint"]
perf = ["ipython"]
testing = ["flufl.flake8", "importlib-resources (>=1.3)", "packaging", "pyfakefs", "pytest (>=6)", "pytest-black (>=0.3.7)", "pytest-checkdocs (>=2.4)", "pytest-cov", "pytest-enabler (>=2.2)", "pytest-mypy (>=0.9.1)", "pytest-perf (>=0.9.2)", "pytest-ruff"]

[[package]]
name = "importlib-resources"
version = "6.1.1"
description = "Read resources from Python packages"
category = "main"
optional = false
python-versions = ">=3.8"
files = [
    {file = "importlib_resources-6.1.1-py3-none-any.whl", hash = "sha256:e8bf90d8213b486f428c9c39714b920041cb02c184686a3dee24905aaa8105d6"},
    {file = "importlib_resources-6.1.1.tar.gz", hash = "sha256:3893a00122eafde6894c59914446a512f728a0c1a45f9bb9b63721b6bacf0b4a"},
]

[package.dependencies]
zipp = {version = ">=3.1.0", markers = "python_version < \"3.10\""}

[package.extras]
docs = ["furo", "jaraco.packaging (>=9.3)", "jaraco.tidelift (>=1.4)", "rst.linker (>=1.9)", "sphinx (<7.2.5)", "sphinx (>=3.5)", "sphinx-lint"]
testing = ["pytest (>=6)", "pytest-black (>=0.3.7)", "pytest-checkdocs (>=2.4)", "pytest-cov", "pytest-enabler (>=2.2)", "pytest-mypy (>=0.9.1)", "pytest-ruff", "zipp (>=3.17)"]

[[package]]
name = "libusb"
version = "1.0.26b5"
description = "Python binding for the libusb C library."
category = "main"
optional = false
python-versions = "<4.0.0,>=3.7.0"
files = [
    {file = "libusb-1.0.26b5-py3-none-any.whl", hash = "sha256:96700b35ee4b3c64759ad207f0fe0e8df77346b3c3c4afe50fff5ac6e5b89507"},
    {file = "libusb-1.0.26b5.zip", hash = "sha256:ed3968ce956a444b0298cdaf831028a62f6c1ade69129d19d1377e0efe9f1299"},
]

[package.dependencies]
pkg-about = ">=1.0.7"
setuptools = ">=63.2.0"

[package.extras]
doc = ["Sphinx (>=4.5.0)", "docutils (>=0.14,<0.19)", "nbsphinx (>=0.8.9)", "restructuredtext-lint (>=1.4.0)", "sphinx-copybutton (>=0.5.0)", "sphinx-tabs (>=3.4.1)", "sphinxcontrib-spelling (>=7.6.0)"]
test = ["deepdiff (>=5.8.1)"]

[[package]]
name = "libusb-package"
version = "1.0.26.2"
description = "Package containing libusb so it can be installed via Python package managers"
category = "main"
optional = false
python-versions = ">=3.7"
files = [
    {file = "libusb_package-1.0.26.2-cp310-cp310-macosx_10_9_x86_64.whl", hash = "sha256:75ab092f84ee6cf61d25cf8b4f491b2488d8596d035d8347663c5ef6d58219ab"},
    {file = "libusb_package-1.0.26.2-cp310-cp310-macosx_11_0_arm64.whl", hash = "sha256:992481beecac68fb1978b62da83eae5e34c79e4ae16a9104826b4f9c5b121beb"},
    {file = "libusb_package-1.0.26.2-cp310-cp310-manylinux_2_17_aarch64.manylinux2014_aarch64.whl", hash = "sha256:c56fabcd61c27c731e3a2f682a51cf91608a908d83d93f69c2431412a01c70fb"},
    {file = "libusb_package-1.0.26.2-cp310-cp310-manylinux_2_17_i686.manylinux2014_i686.whl", hash = "sha256:9a6baa282fae2733389f16a3356e74a627a5d30d9b96e0a42f8080aa8799a513"},
    {file = "libusb_package-1.0.26.2-cp310-cp310-manylinux_2_17_x86_64.manylinux2014_x86_64.whl", hash = "sha256:1f2409346c53d861cfef4663c003a217334fcd02a38b5521722ec385758a53db"},
    {file = "libusb_package-1.0.26.2-cp310-cp310-musllinux_1_1_aarch64.whl", hash = "sha256:8b5b8fc1d09daad512999ac4539cb224ec6379e08883f6d3f581875a98a94f05"},
    {file = "libusb_package-1.0.26.2-cp310-cp310-musllinux_1_1_i686.whl", hash = "sha256:942217aac7364e6055b8b10b5186dd852e7fc167849adc3de067943b7c461cee"},
    {file = "libusb_package-1.0.26.2-cp310-cp310-musllinux_1_1_x86_64.whl", hash = "sha256:e566aa04957ae61c0c2eb4ec70e7767520fe79c5b9cae2ebbf5eaddbff73ea58"},
    {file = "libusb_package-1.0.26.2-cp310-cp310-win32.whl", hash = "sha256:32e03d0bfbb295cce3a37a18bca70b1f81b139fd8ae835fc0b91b1270b379e5b"},
    {file = "libusb_package-1.0.26.2-cp310-cp310-win_amd64.whl", hash = "sha256:b1e70b24d9a7aa10cc9ce52a7139037e22d4444b152d54770c7c9342cf5e8781"},
    {file = "libusb_package-1.0.26.2-cp311-cp311-macosx_10_9_x86_64.whl", hash = "sha256:4aacc4fe1bf4cd892137f56c9783c81b388c80a249e8afacb1374ac52543e8f2"},
    {file = "libusb_package-1.0.26.2-cp311-cp311-macosx_11_0_arm64.whl", hash = "sha256:1f2f14051983c8869296a1e1659c68e1796a42b5723b2698a30d6aa0e295696a"},
    {file = "libusb_package-1.0.26.2-cp311-cp311-manylinux_2_17_aarch64.manylinux2014_aarch64.whl", hash = "sha256:73e910401d9a9c127b039e16e8b6a1ba4ec8d21a405e6cf12d7ed5ba207058b0"},
    {file = "libusb_package-1.0.26.2-cp311-cp311-manylinux_2_17_i686.manylinux2014_i686.whl", hash = "sha256:2b300f0ad23a986e7085731bb6a622619c550e5df6649463492d4c6c44f8c9d5"},
    {file = "libusb_package-1.0.26.2-cp311-cp311-manylinux_2_17_x86_64.manylinux2014_x86_64.whl", hash = "sha256:08fd35ee52119ae322b10288d9a411e82c9cd87e82ad1d13d63e024236b6d6ba"},
    {file = "libusb_package-1.0.26.2-cp311-cp311-musllinux_1_1_aarch64.whl", hash = "sha256:16089823afced6e407eb39b4519e9c094d17be759a1b0bb1976d581e7b2382ae"},
    {file = "libusb_package-1.0.26.2-cp311-cp311-musllinux_1_1_i686.whl", hash = "sha256:b8a0208b1bc9b2e2b7097d33a7e24f4268e189b05ee5267f57e7346802653b9f"},
    {file = "libusb_package-1.0.26.2-cp311-cp311-musllinux_1_1_x86_64.whl", hash = "sha256:ec40b8a81df4ec972f494db1e0848d38b2a2c117f001aae0e4c739feec50205f"},
    {file = "libusb_package-1.0.26.2-cp311-cp311-win32.whl", hash = "sha256:f1bed2fe1ce230e37826dc25fc077ae892d9edfe9d312aea112f3cbeba2a8588"},
    {file = "libusb_package-1.0.26.2-cp311-cp311-win_amd64.whl", hash = "sha256:982a03c4cd4a5509540f18b127f5b873d54019d5cdc1438f07529dc9080be633"},
    {file = "libusb_package-1.0.26.2-cp37-cp37m-macosx_10_9_x86_64.whl", hash = "sha256:a76378f89cbdf457573b94a889666306f0fac2ab55d0e0b2aa26c8dcec9ac587"},
    {file = "libusb_package-1.0.26.2-cp37-cp37m-manylinux_2_17_aarch64.manylinux2014_aarch64.whl", hash = "sha256:ad8c5ed9a82efcffaa5bb216f8d39a8a244235a98fa14d2e837ef8088a068745"},
    {file = "libusb_package-1.0.26.2-cp37-cp37m-manylinux_2_17_i686.manylinux2014_i686.whl", hash = "sha256:d95f3ddc12380ebd024e2c9a1ee4e0a34555275ddcc6658962df1379fedfaef4"},
    {file = "libusb_package-1.0.26.2-cp37-cp37m-manylinux_2_17_x86_64.manylinux2014_x86_64.whl", hash = "sha256:8803e41bc1c5c5c1c16bb873308fc9cb4613ee51688084e94976d887e3d588b0"},
    {file = "libusb_package-1.0.26.2-cp37-cp37m-musllinux_1_1_aarch64.whl", hash = "sha256:b6d74c3ba47d914c874bef8aa0efc0af99e07b44b7f735cde9ff93573ca33ad2"},
    {file = "libusb_package-1.0.26.2-cp37-cp37m-musllinux_1_1_i686.whl", hash = "sha256:62df8d3f38482864c35347978184c095556796e3af4005f24091dd5bcbed5b0a"},
    {file = "libusb_package-1.0.26.2-cp37-cp37m-musllinux_1_1_x86_64.whl", hash = "sha256:95cfd34bc9ddc4e4d2dbcec1ecf15c68ea0243d75518b13b69450d672189f3d7"},
    {file = "libusb_package-1.0.26.2-cp37-cp37m-win32.whl", hash = "sha256:818115cb123281fa54dc80cfa1033da95a0b0b481adb967e4147d726468a42a5"},
    {file = "libusb_package-1.0.26.2-cp37-cp37m-win_amd64.whl", hash = "sha256:9a109ab311327ce036b9ee0d984935009e0dad45a8a8c8387f580fa11ccfe6fc"},
    {file = "libusb_package-1.0.26.2-cp38-cp38-macosx_10_9_x86_64.whl", hash = "sha256:b158e37423191bfa42d14366ed4dc4fea0f4b6fcc0ad3d180711b8e9609bcd02"},
    {file = "libusb_package-1.0.26.2-cp38-cp38-macosx_11_0_arm64.whl", hash = "sha256:092ea7d50734750197459b7c37e024142cabd090df80cbda9254d8d93bd51ee5"},
    {file = "libusb_package-1.0.26.2-cp38-cp38-manylinux_2_17_aarch64.manylinux2014_aarch64.whl", hash = "sha256:c9cb4e98e44efc87a0bbdcd231101797518a688cc2528355b9200a0f4b18522e"},
    {file = "libusb_package-1.0.26.2-cp38-cp38-manylinux_2_17_i686.manylinux2014_i686.whl", hash = "sha256:b655fded7314065a60e088d2e49b014155a700a96b01af081abb914ce1fa2e96"},
    {file = "libusb_package-1.0.26.2-cp38-cp38-manylinux_2_17_x86_64.manylinux2014_x86_64.whl", hash = "sha256:93a59c9fdb4d76f2c4bb93c4fbc3c7450c746082e9aa9ba71d2b8f87a958121e"},
    {file = "libusb_package-1.0.26.2-cp38-cp38-musllinux_1_1_aarch64.whl", hash = "sha256:f132290e962af25fd89a64c0960d5f5d2b46aab647bc52a959b09742d3a3a3b0"},
    {file = "libusb_package-1.0.26.2-cp38-cp38-musllinux_1_1_i686.whl", hash = "sha256:6a4875c15a3a6c19c999c7f11ff533bd7abadbc1e581f1c4135b0225344fdd94"},
    {file = "libusb_package-1.0.26.2-cp38-cp38-musllinux_1_1_x86_64.whl", hash = "sha256:50a1c23c05a966094e1cc3876109228dc966e1d31cec6ffb69a6b2cde5d4049f"},
    {file = "libusb_package-1.0.26.2-cp38-cp38-win32.whl", hash = "sha256:40befc6b6b774cfc34d19b79ba04800494150f256709f0b8e76f5f05b1c1c9ac"},
    {file = "libusb_package-1.0.26.2-cp38-cp38-win_amd64.whl", hash = "sha256:1c68660a83d25a32fccc9aa2d300800a3b523508268f01edc322fb2f68cf04a7"},
    {file = "libusb_package-1.0.26.2-cp39-cp39-macosx_10_9_x86_64.whl", hash = "sha256:57f186097f3086b0fbaf91f823a70df0993f098c5780db2bfd941184a6e5fa42"},
    {file = "libusb_package-1.0.26.2-cp39-cp39-macosx_11_0_arm64.whl", hash = "sha256:67069b698c79c53e704b67b10147b94ca8e7cfb55fb84010c3d38218bda51c03"},
    {file = "libusb_package-1.0.26.2-cp39-cp39-manylinux_2_17_aarch64.manylinux2014_aarch64.whl", hash = "sha256:51961a3b2e5eb7c276052d4a5d347de1b6d128751eae576e7162f95f6d1e466d"},
    {file = "libusb_package-1.0.26.2-cp39-cp39-manylinux_2_17_i686.manylinux2014_i686.whl", hash = "sha256:21304366f16aa684f6b2fc49a8603e8e1eb3c61f2db60cdbdea71ef4d8ea166b"},
    {file = "libusb_package-1.0.26.2-cp39-cp39-manylinux_2_17_x86_64.manylinux2014_x86_64.whl", hash = "sha256:613c5ff62c19c18b248de2159a6c4093e8adac8f9f5655e8f32e71a9cb36e5df"},
    {file = "libusb_package-1.0.26.2-cp39-cp39-musllinux_1_1_aarch64.whl", hash = "sha256:d69bf72ebdba7f892e9cf45fe55f8308b4b683db887728da28c3721cd6a624fd"},
    {file = "libusb_package-1.0.26.2-cp39-cp39-musllinux_1_1_i686.whl", hash = "sha256:45e791e7083a7b4500cdaff0854ff3f74da31d0d375c6f86aab70ae629934829"},
    {file = "libusb_package-1.0.26.2-cp39-cp39-musllinux_1_1_x86_64.whl", hash = "sha256:8b4e7f01b359e8178d2112b2eefdccbfe2fd36a1e57dbcebf1678aef266e691a"},
    {file = "libusb_package-1.0.26.2-cp39-cp39-win32.whl", hash = "sha256:051feb717910fc868da437d271bcaa2d0b59fce951f304821a3139ababb3d69f"},
    {file = "libusb_package-1.0.26.2-cp39-cp39-win_amd64.whl", hash = "sha256:ad1d6b7e8e2323a222b4f968f16f27dbe91f48e4c8cc802bf27022e324b8b99b"},
    {file = "libusb_package-1.0.26.2-pp37-pypy37_pp73-macosx_10_9_x86_64.whl", hash = "sha256:bea164dbeff193a052a2d64896dd136c0bfccd8b3000a2d233d2d23cddf18436"},
    {file = "libusb_package-1.0.26.2-pp37-pypy37_pp73-manylinux_2_17_aarch64.manylinux2014_aarch64.whl", hash = "sha256:18e77e0b2a30b72c963adb99c520f78414ab91940d97acba745ff791eb3477dd"},
    {file = "libusb_package-1.0.26.2-pp37-pypy37_pp73-manylinux_2_17_i686.manylinux2014_i686.whl", hash = "sha256:cc14c8b37f9acebadbf7b1ab7c788826e67dfecf4a872c6a2698777716856333"},
    {file = "libusb_package-1.0.26.2-pp37-pypy37_pp73-manylinux_2_17_x86_64.manylinux2014_x86_64.whl", hash = "sha256:fba4e8fc77865cbf7464f5a847129c282a8bd26868da160b2b90d61c67192d4b"},
    {file = "libusb_package-1.0.26.2-pp37-pypy37_pp73-win_amd64.whl", hash = "sha256:86ffd4480e578e86277f5d2c65aad30db21c02bb7b8a439c44585ca65bb7fe7c"},
    {file = "libusb_package-1.0.26.2-pp38-pypy38_pp73-macosx_10_9_x86_64.whl", hash = "sha256:28e5867f8a290ca3a448954d1d34b875ba7d0e5f775e4c775f9eebdecc68dfb1"},
    {file = "libusb_package-1.0.26.2-pp38-pypy38_pp73-manylinux_2_17_aarch64.manylinux2014_aarch64.whl", hash = "sha256:229d40f83a1d8ae0cd9d111a829972224527573a98487d092496840b98a82af2"},
    {file = "libusb_package-1.0.26.2-pp38-pypy38_pp73-manylinux_2_17_i686.manylinux2014_i686.whl", hash = "sha256:5186ed5c9bf04f50aec6b30d4795ff48f227137a2f6c92b2d6503a29b0b9761b"},
    {file = "libusb_package-1.0.26.2-pp38-pypy38_pp73-manylinux_2_17_x86_64.manylinux2014_x86_64.whl", hash = "sha256:c1e01a04d7115900b6fb864b822d04a06159bc1c57dbefd119fad09506f7d242"},
    {file = "libusb_package-1.0.26.2-pp38-pypy38_pp73-win_amd64.whl", hash = "sha256:960069cd1478996e7f00d9c98347bfb1804f14e309fa1f00cbd26136dc1074f8"},
    {file = "libusb_package-1.0.26.2-pp39-pypy39_pp73-macosx_10_9_x86_64.whl", hash = "sha256:0970e9e92bc13564fe75c3fc74e60601cb31866fc0345cb1f6461b9f983d6062"},
    {file = "libusb_package-1.0.26.2-pp39-pypy39_pp73-manylinux_2_17_aarch64.manylinux2014_aarch64.whl", hash = "sha256:75ec775bf3950ca2f9287ae86637a6de8a9a8addf463bfb176026403ea78c64b"},
    {file = "libusb_package-1.0.26.2-pp39-pypy39_pp73-manylinux_2_17_i686.manylinux2014_i686.whl", hash = "sha256:74d0b0bd2a284d3ba9b1b99c334171230d88658ef2d64e2f83a71dc28c65f2da"},
    {file = "libusb_package-1.0.26.2-pp39-pypy39_pp73-manylinux_2_17_x86_64.manylinux2014_x86_64.whl", hash = "sha256:7a96262d51f2714a250cf89e063f354a621d81438a7019bca5035e3ab4a65988"},
    {file = "libusb_package-1.0.26.2-pp39-pypy39_pp73-win_amd64.whl", hash = "sha256:5fbd4ea17c36806c94e6c2fc4d6a6548c628c0ad874937b0953946d49f29f23b"},
]

[package.dependencies]
importlib-resources = "*"

[[package]]
name = "packaging"
version = "23.2"
description = "Core utilities for Python packages"
category = "main"
optional = false
python-versions = ">=3.7"
files = [
    {file = "packaging-23.2-py3-none-any.whl", hash = "sha256:8c491190033a9af7e1d931d0b5dacc2ef47509b34dd0de67ed209b5203fc88c7"},
    {file = "packaging-23.2.tar.gz", hash = "sha256:048fb0e9405036518eaaf48a55953c750c11e1a1b68e0dd1a9d62ed0c092cfc5"},
]

[[package]]
name = "pkg-about"
version = "1.0.8"
description = "Shares Python package metadata at runtime."
category = "main"
optional = false
python-versions = "<4.0.0,>=3.7.0"
files = [
    {file = "pkg_about-1.0.8-py3-none-any.whl", hash = "sha256:43cd82d509b1eca5ad6607fcc031d12043e22799189535ce42a522734ef15ed4"},
    {file = "pkg_about-1.0.8.zip", hash = "sha256:99be375db2b2a608a56a05cb5b7de43fcc17c62a0db1f2ed97a0049ce2355a50"},
]

[package.dependencies]
importlib-metadata = ">=4.12.0"
importlib-resources = ">=5.7.1"
packaging = ">=21.3.0"
setuptools = ">=63.2.0"
tomli = ">=2.0.1"

[package.extras]
doc = ["Sphinx (>=4.5.0)", "docutils (>=0.14,<0.19)", "nbsphinx (>=0.8.9)", "restructuredtext-lint (>=1.4.0)", "sphinx-copybutton (>=0.5.0)", "sphinx-tabs (>=3.4.1)", "sphinxcontrib-spelling (>=7.6.0)"]
test = ["deepdiff (>=5.8.1)"]

[[package]]
name = "prompt-toolkit"
version = "3.0.39"
description = "Library for building powerful interactive command lines in Python"
category = "main"
optional = false
python-versions = ">=3.7.0"
files = [
    {file = "prompt_toolkit-3.0.39-py3-none-any.whl", hash = "sha256:9dffbe1d8acf91e3de75f3b544e4842382fc06c6babe903ac9acb74dc6e08d88"},
    {file = "prompt_toolkit-3.0.39.tar.gz", hash = "sha256:04505ade687dc26dc4284b1ad19a83be2f2afe83e7a828ace0c72f3a1df72aac"},
]

[package.dependencies]
wcwidth = "*"

[[package]]
name = "pygments"
version = "2.16.1"
description = "Pygments is a syntax highlighting package written in Python."
category = "main"
optional = false
python-versions = ">=3.7"
files = [
    {file = "Pygments-2.16.1-py3-none-any.whl", hash = "sha256:13fc09fa63bc8d8671a6d247e1eb303c4b343eaee81d861f3404db2935653692"},
    {file = "Pygments-2.16.1.tar.gz", hash = "sha256:1daff0494820c69bc8941e407aa20f577374ee88364ee10a98fdbe0aece96e29"},
]

[package.extras]
plugins = ["importlib-metadata"]

[[package]]
name = "pyusb"
version = "1.2.1"
description = "Python USB access module"
category = "main"
optional = false
python-versions = ">=3.6.0"
files = [
    {file = "pyusb-1.2.1-py3-none-any.whl", hash = "sha256:2b4c7cb86dbadf044dfb9d3a4ff69fd217013dbe78a792177a3feb172449ea36"},
    {file = "pyusb-1.2.1.tar.gz", hash = "sha256:a4cc7404a203144754164b8b40994e2849fde1cfff06b08492f12fff9d9de7b9"},
]

[[package]]
name = "setuptools"
version = "68.2.2"
description = "Easily download, build, install, upgrade, and uninstall Python packages"
category = "main"
optional = false
python-versions = ">=3.8"
files = [
    {file = "setuptools-68.2.2-py3-none-any.whl", hash = "sha256:b454a35605876da60632df1a60f736524eb73cc47bbc9f3f1ef1b644de74fd2a"},
    {file = "setuptools-68.2.2.tar.gz", hash = "sha256:4ac1475276d2f1c48684874089fefcd83bd7162ddaafb81fac866ba0db282a87"},
]

[package.extras]
docs = ["furo", "jaraco.packaging (>=9.3)", "jaraco.tidelift (>=1.4)", "pygments-github-lexers (==0.0.5)", "rst.linker (>=1.9)", "sphinx (>=3.5)", "sphinx-favicon", "sphinx-hoverxref (<2)", "sphinx-inline-tabs", "sphinx-lint", "sphinx-notfound-page (>=1,<2)", "sphinx-reredirects", "sphinxcontrib-towncrier"]
testing = ["build[virtualenv]", "filelock (>=3.4.0)", "flake8-2020", "ini2toml[lite] (>=0.9)", "jaraco.develop (>=7.21)", "jaraco.envs (>=2.2)", "jaraco.path (>=3.2.0)", "pip (>=19.1)", "pytest (>=6)", "pytest-black (>=0.3.7)", "pytest-checkdocs (>=2.4)", "pytest-cov", "pytest-enabler (>=2.2)", "pytest-mypy (>=0.9.1)", "pytest-perf", "pytest-ruff", "pytest-timeout", "pytest-xdist", "tomli-w (>=1.0.0)", "virtualenv (>=13.0.0)", "wheel"]
testing-integration = ["build[virtualenv] (>=1.0.3)", "filelock (>=3.4.0)", "jaraco.envs (>=2.2)", "jaraco.path (>=3.2.0)", "packaging (>=23.1)", "pytest", "pytest-enabler", "pytest-xdist", "tomli", "virtualenv (>=13.0.0)", "wheel"]

[[package]]
name = "tomli"
version = "2.0.1"
description = "A lil' TOML parser"
category = "main"
optional = false
python-versions = ">=3.7"
files = [
    {file = "tomli-2.0.1-py3-none-any.whl", hash = "sha256:939de3e7a6161af0c887ef91b7d41a53e7c5a1ca976325f429cb46ea9bc30ecc"},
    {file = "tomli-2.0.1.tar.gz", hash = "sha256:de526c12914f0c550d15924c62d72abc48d6fe7364aa87328337a31007fe8a4f"},
]

[[package]]
name = "typing-extensions"
version = "4.8.0"
description = "Backported and Experimental Type Hints for Python 3.8+"
category = "main"
optional = false
python-versions = ">=3.8"
files = [
    {file = "typing_extensions-4.8.0-py3-none-any.whl", hash = "sha256:8f92fc8806f9a6b641eaa5318da32b44d401efaac0f6678c9bc448ba3605faa0"},
    {file = "typing_extensions-4.8.0.tar.gz", hash = "sha256:df8e4339e9cb77357558cbdbceca33c303714cf861d1eef15e1070055ae8b7ef"},
]

[[package]]
name = "wcwidth"
version = "0.2.9"
description = "Measures the displayed width of unicode strings in a terminal"
category = "main"
optional = false
python-versions = "*"
files = [
    {file = "wcwidth-0.2.9-py2.py3-none-any.whl", hash = "sha256:9a929bd8380f6cd9571a968a9c8f4353ca58d7cd812a4822bba831f8d685b223"},
    {file = "wcwidth-0.2.9.tar.gz", hash = "sha256:a675d1a4a2d24ef67096a04b85b02deeecd8e226f57b5e3a72dbb9ed99d27da8"},
]

[[package]]
name = "zipp"
version = "3.17.0"
description = "Backport of pathlib-compatible object wrapper for zip files"
category = "main"
optional = false
python-versions = ">=3.8"
files = [
    {file = "zipp-3.17.0-py3-none-any.whl", hash = "sha256:0e923e726174922dce09c53c59ad483ff7bbb8e572e00c7f7c46b88556409f31"},
    {file = "zipp-3.17.0.tar.gz", hash = "sha256:84e64a1c28cf7e91ed2078bb8cc8c259cb19b76942096c8d7b84947690cabaf0"},
]

[package.extras]
docs = ["furo", "jaraco.packaging (>=9.3)", "jaraco.tidelift (>=1.4)", "rst.linker (>=1.9)", "sphinx (<7.2.5)", "sphinx (>=3.5)", "sphinx-lint"]
testing = ["big-O", "jaraco.functools", "jaraco.itertools", "more-itertools", "pytest (>=6)", "pytest-black (>=0.3.7)", "pytest-checkdocs (>=2.4)", "pytest-cov", "pytest-enabler (>=2.2)", "pytest-ignore-flaky", "pytest-mypy (>=0.9.1)", "pytest-ruff"]

[metadata]
lock-version = "2.0"
python-versions = "^3.9"
content-hash = "c415cd9836a7d721ea74fa5824593a52f0c3707be1f47162667482cd92170902"
